
Microsoft Visual Studio Solution File, Format Version 12.00
# Visual Studio Version 16
VisualStudioVersion = 16.0.31005.135
MinimumVisualStudioVersion = 10.0.40219.1
Project("{FAE04EC0-301F-11D3-BF4B-00C04F79EFBC}") = "Core_Web_Application", "Core_Web_Application\Core_Web_Application.csproj", "{3CC572D4-EB61-48BA-B86E-79F52803795A}"
EndProject
Project("{FAE04EC0-301F-11D3-BF4B-00C04F79EFBC}") = "Core_Web_Application.Core", "Core_Web_Application.Core\Core_Web_Application.Core.csproj", "{1D824FD3-7D60-43DE-8CE8-FD089EB87C5E}"
EndProject
Project("{FAE04EC0-301F-11D3-BF4B-00C04F79EFBC}") = "Core_Web_Application.Data", "Core_Web_Application.Data\Core_Web_Application.Data.csproj", "{A15BBA20-7446-4B62-9129-E538E5F01234}"
EndProject
Global
	GlobalSection(SolutionConfigurationPlatforms) = preSolution
		Debug|Any CPU = Debug|Any CPU
		Release|Any CPU = Release|Any CPU
	EndGlobalSection
	GlobalSection(ProjectConfigurationPlatforms) = postSolution
		{3CC572D4-EB61-48BA-B86E-79F52803795A}.Debug|Any CPU.ActiveCfg = Debug|Any CPU
		{3CC572D4-EB61-48BA-B86E-79F52803795A}.Debug|Any CPU.Build.0 = Debug|Any CPU
		{3CC572D4-EB61-48BA-B86E-79F52803795A}.Release|Any CPU.ActiveCfg = Release|Any CPU
		{3CC572D4-EB61-48BA-B86E-79F52803795A}.Release|Any CPU.Build.0 = Release|Any CPU
		{1D824FD3-7D60-43DE-8CE8-FD089EB87C5E}.Debug|Any CPU.ActiveCfg = Debug|Any CPU
		{1D824FD3-7D60-43DE-8CE8-FD089EB87C5E}.Debug|Any CPU.Build.0 = Debug|Any CPU
		{1D824FD3-7D60-43DE-8CE8-FD089EB87C5E}.Release|Any CPU.ActiveCfg = Release|Any CPU
		{1D824FD3-7D60-43DE-8CE8-FD089EB87C5E}.Release|Any CPU.Build.0 = Release|Any CPU
		{A15BBA20-7446-4B62-9129-E538E5F01234}.Debug|Any CPU.ActiveCfg = Debug|Any CPU
		{A15BBA20-7446-4B62-9129-E538E5F01234}.Debug|Any CPU.Build.0 = Debug|Any CPU
		{A15BBA20-7446-4B62-9129-E538E5F01234}.Release|Any CPU.ActiveCfg = Release|Any CPU
		{A15BBA20-7446-4B62-9129-E538E5F01234}.Release|Any CPU.Build.0 = Release|Any CPU
	EndGlobalSection
	GlobalSection(SolutionProperties) = preSolution
		HideSolutionNode = FALSE
	EndGlobalSection
	GlobalSection(ExtensibilityGlobals) = postSolution
		SolutionGuid = {F9A981C2-1B4E-419E-9845-116FF152FB97}
	EndGlobalSection
EndGlobal
